PODS:
  - AFDateHelper (4.1.2)
  - Alamofire (4.4.0)
  - AlamofireImage (3.2.0):
    - Alamofire (~> 4.1)
  - AlamofireNetworkActivityIndicator (2.1.0):
    - Alamofire (~> 4.1)
  - IBAnimatable (3.1.3)
  - MGSwipeTableCell (1.5.6)
  - SwiftyJSON (3.1.4)

DEPENDENCIES:
  - AFDateHelper
  - Alamofire
  - AlamofireImage
  - AlamofireNetworkActivityIndicator
  - IBAnimatable
  - MGSwipeTableCell
  - SwiftyJSON

SPEC CHECKSUMS:
  AFDateHelper: b19c83daa132e398b34fbea085a1554ce07adfe9
  Alamofire: dc44b1600b800eb63da6a19039a0083d62a6a62d
  AlamofireImage: 157ed682cc81d3b9db4fb90c1f12180ac552d93b
  AlamofireNetworkActivityIndicator: 4716f6554bdfb9c7cf13b1e0e3af21163129690a
  IBAnimatable: ad640d47659cbbfa4cf88a127fdc663b2ec4c66a
  MGSwipeTableCell: 616700eb0ffd1c611ba909066cb7fd739790a0a7
  SwiftyJSON: c2842d878f95482ffceec5709abc3d05680c0220

PODFILE CHECKSUM: 1bdc64410fe3921432f7ec459266c1c08a52abd5

COCOAPODS: 1.2.0.beta.3
